
Microsoft Visual Studio Solution File, Format Version 12.00
# Visual Studio Version 17
VisualStudioVersion = 17.11.35431.28
MinimumVisualStudioVersion = 10.0.40219.1
Project("{9A19103F-16F7-4668-BE54-9A1E7A4F7556}") = "WebApplicationProject", "WebApplicationProject\WebApplicationProject.csproj", "{7D88CA5C-4567-4AFA-A780-5E37DADE87B7}"
EndProject
Global
	GlobalSection(SolutionConfigurationPlatforms) = preSolution
		Debug|Any CPU = Debug|Any CPU
		Release|Any CPU = Release|Any CPU
	EndGlobalSection
	GlobalSection(ProjectConfigurationPlatforms) = postSolution
		{7D88CA5C-4567-4AFA-A780-5E37DADE87B7}.Debug|Any CPU.ActiveCfg = Debug|Any CPU
		{7D88CA5C-4567-4AFA-A780-5E37DADE87B7}.Debug|Any CPU.Build.0 = Debug|Any CPU
		{7D88CA5C-4567-4AFA-A780-5E37DADE87B7}.Release|Any CPU.ActiveCfg = Release|Any CPU
		{7D88CA5C-4567-4AFA-A780-5E37DADE87B7}.Release|Any CPU.Build.0 = Release|Any CPU
	EndGlobalSection
	GlobalSection(SolutionProperties) = preSolution
		HideSolutionNode = FALSE
	EndGlobalSection
	GlobalSection(ExtensibilityGlobals) = postSolution
		SolutionGuid = {25AB9740-9627-4260-8EFA-A3BB62D62F7F}
	EndGlobalSection
EndGlobal
